
Microsoft Visual Studio Solution File, Format Version 12.00
# Visual Studio Version 17
VisualStudioVersion = 17.9.34728.123
MinimumVisualStudioVersion = 10.0.40219.1
Project("{FAE04EC0-301F-11D3-BF4B-00C04F79EFBC}") = "30-5-tarefa-design-pattern", "30-5-tarefa-design-pattern\30-5-tarefa-design-pattern.csproj", "{CF702CF6-1D1A-4F8A-A108-00DB3F19C252}"
EndProject
Global
	GlobalSection(SolutionConfigurationPlatforms) = preSolution
		Debug|Any CPU = Debug|Any CPU
		Release|Any CPU = Release|Any CPU
	EndGlobalSection
	GlobalSection(ProjectConfigurationPlatforms) = postSolution
		{CF702CF6-1D1A-4F8A-A108-00DB3F19C252}.Debug|Any CPU.ActiveCfg = Debug|Any CPU
		{CF702CF6-1D1A-4F8A-A108-00DB3F19C252}.Debug|Any CPU.Build.0 = Debug|Any CPU
		{CF702CF6-1D1A-4F8A-A108-00DB3F19C252}.Release|Any CPU.ActiveCfg = Release|Any CPU
		{CF702CF6-1D1A-4F8A-A108-00DB3F19C252}.Release|Any CPU.Build.0 = Release|Any CPU
	EndGlobalSection
	GlobalSection(SolutionProperties) = preSolution
		HideSolutionNode = FALSE
	EndGlobalSection
	GlobalSection(ExtensibilityGlobals) = postSolution
		SolutionGuid = {8C3C39D6-305C-4CC0-B762-D722CDBE2389}
	EndGlobalSection
EndGlobal
